{
    "_meta": {
        "hash": {
            "sha256": "21b55afb67ecf1ea3f7769a7626b5261162332960ee616fa66571db3cc1ce854"
        },
        "pipfile-spec": 6,
        "requires": {
            "python_version": "3.8"
        },
        "sources": [
            {
                "name": "pypi",
                "url": "https://pypi.org/simple",
                "verify_ssl": true
            }
        ]
    },
    "default": {
        "click": {
            "hashes": [
                "sha256:9ab1d313f99b209f8f71a629f36833030c8d7c72282cf7756834baf567dca662",
                "sha256:f49e03611f5f2557788ceeb80710b1c67110f97c5e6740b97edf70245eea2409"
            ],
            "version": "==4.0"
        },
        "colorama": {
            "hashes": [
                "sha256:5941b2b48a20143d2267e95b1c2a7603ce057ee39fd88e7329b0c292aa16869b",
                "sha256:9f47eda37229f68eee03b24b9748937c7dc3868f906e8ba69fbcbdd3bc5dc3e2"
            ],
            "index": "pypi",
            "version": "==0.4.4"
        },
        "eulerpy": {
            "hashes": [
                "sha256:0b95c327de4cf25664983bb537a0dd59ca67dfae6b635d5b679bae3f49614342",
                "sha256:83b2175ee1d875e0f52b0d7bae1fb8500f5098ac6de5364a94bc540fb9408d23"
            ],
            "index": "pypi",
            "version": "==1.4.0"
        }
    },
    "develop": {}
}
